
Microsoft Visual Studio Solution File, Format Version 12.00
# Visual Studio Version 17
VisualStudioVersion = 17.13.35825.156 d17.13
MinimumVisualStudioVersion = 10.0.40219.1
Project("{FAE04EC0-301F-11D3-BF4B-00C04F79EFBC}") = "CourierManagementSystem", "CourierManagementSystem.csproj", "{73EF5110-4891-43F6-BA26-5E12E4F36D19}"
EndProject
Global
	GlobalSection(SolutionConfigurationPlatforms) = preSolution
		Debug|Any CPU = Debug|Any CPU
		Release|Any CPU = Release|Any CPU
	EndGlobalSection
	GlobalSection(ProjectConfigurationPlatforms) = postSolution
		{73EF5110-4891-43F6-BA26-5E12E4F36D19}.Debug|Any CPU.ActiveCfg = Debug|Any CPU
		{73EF5110-4891-43F6-BA26-5E12E4F36D19}.Debug|Any CPU.Build.0 = Debug|Any CPU
		{73EF5110-4891-43F6-BA26-5E12E4F36D19}.Release|Any CPU.ActiveCfg = Release|Any CPU
		{73EF5110-4891-43F6-BA26-5E12E4F36D19}.Release|Any CPU.Build.0 = Release|Any CPU
	EndGlobalSection
	GlobalSection(SolutionProperties) = preSolution
		HideSolutionNode = FALSE
	EndGlobalSection
	GlobalSection(ExtensibilityGlobals) = postSolution
		SolutionGuid = {2FFC7FAA-220D-4FA8-9109-01E7BA6536A5}
	EndGlobalSection
EndGlobal
